
Microsoft Visual Studio Solution File, Format Version 12.00
# Visual Studio Version 16
VisualStudioVersion = 16.0.31424.327
MinimumVisualStudioVersion = 10.0.40219.1
Project("{FAE04EC0-301F-11D3-BF4B-00C04F79EFBC}") = "hw2", "hw2.csproj", "{09E5D3D8-17FE-473E-833D-DD03CD07D05D}"
EndProject
Global
	GlobalSection(SolutionConfigurationPlatforms) = preSolution
		Debug|Any CPU = Debug|Any CPU
		Release|Any CPU = Release|Any CPU
	EndGlobalSection
	GlobalSection(ProjectConfigurationPlatforms) = postSolution
		{09E5D3D8-17FE-473E-833D-DD03CD07D05D}.Debug|Any CPU.ActiveCfg = Debug|Any CPU
		{09E5D3D8-17FE-473E-833D-DD03CD07D05D}.Debug|Any CPU.Build.0 = Debug|Any CPU
		{09E5D3D8-17FE-473E-833D-DD03CD07D05D}.Release|Any CPU.ActiveCfg = Release|Any CPU
		{09E5D3D8-17FE-473E-833D-DD03CD07D05D}.Release|Any CPU.Build.0 = Release|Any CPU
	EndGlobalSection
	GlobalSection(SolutionProperties) = preSolution
		HideSolutionNode = FALSE
	EndGlobalSection
	GlobalSection(ExtensibilityGlobals) = postSolution
		SolutionGuid = {B216F226-3928-4CC1-91CA-E4505982652B}
	EndGlobalSection
EndGlobal
