
Microsoft Visual Studio Solution File, Format Version 12.00
# Visual Studio Version 16
VisualStudioVersion = 16.0.31424.327
MinimumVisualStudioVersion = 10.0.40219.1
Project("{FAE04EC0-301F-11D3-BF4B-00C04F79EFBC}") = "ConsoleApp3", "ConsoleApp3.csproj", "{2984C676-C0A8-4239-B9B4-2AEF743D7DAD}"
EndProject
Global
	GlobalSection(SolutionConfigurationPlatforms) = preSolution
		Debug|Any CPU = Debug|Any CPU
		Release|Any CPU = Release|Any CPU
	EndGlobalSection
	GlobalSection(ProjectConfigurationPlatforms) = postSolution
		{2984C676-C0A8-4239-B9B4-2AEF743D7DAD}.Debug|Any CPU.ActiveCfg = Debug|Any CPU
		{2984C676-C0A8-4239-B9B4-2AEF743D7DAD}.Debug|Any CPU.Build.0 = Debug|Any CPU
		{2984C676-C0A8-4239-B9B4-2AEF743D7DAD}.Release|Any CPU.ActiveCfg = Release|Any CPU
		{2984C676-C0A8-4239-B9B4-2AEF743D7DAD}.Release|Any CPU.Build.0 = Release|Any CPU
	EndGlobalSection
	GlobalSection(SolutionProperties) = preSolution
		HideSolutionNode = FALSE
	EndGlobalSection
	GlobalSection(ExtensibilityGlobals) = postSolution
		SolutionGuid = {99F32223-A63C-4327-99A9-2A90DBE7B6C3}
	EndGlobalSection
EndGlobal
